// !$*UTF8*$!
{
	archiveVersion = 1;
	classes = {
	};
	objectVersion = 46;
	objects = {

/* Begin PBXBuildFile section */
		F469705D1CDD256A00068D2D /* AppDelegate.swift in Sources */ = {isa = PBXBuildFile; fileRef = F469705C1CDD256A00068D2D /* AppDelegate.swift */; };
		F46970621CDD256A00068D2D /* Main.storyboard in Resources */ = {isa = PBXBuildFile; fileRef = F46970601CDD256A00068D2D /* Main.storyboard */; };
		F46970641CDD256A00068D2D /* Assets.xcassets in Resources */ = {isa = PBXBuildFile; fileRef = F46970631CDD256A00068D2D /* Assets.xcassets */; };
		F46970671CDD256A00068D2D /* LaunchScreen.storyboard in Resources */ = {isa = PBXBuildFile; fileRef = F46970651CDD256A00068D2D /* LaunchScreen.storyboard */; };
		F46970721CDD256A00068D2D /* RecipeFinderTests.swift in Sources */ = {isa = PBXBuildFile; fileRef = F46970711CDD256A00068D2D /* RecipeFinderTests.swift */; };
		F469707D1CDD256A00068D2D /* RecipeFinderUITests.swift in Sources */ = {isa = PBXBuildFile; fileRef = F469707C1CDD256A00068D2D /* RecipeFinderUITests.swift */; };
		F46970921CDE77A800068D2D /* Recipe.swift in Sources */ = {isa = PBXBuildFile; fileRef = F46970911CDE77A800068D2D /* Recipe.swift */; };
		F46970961CDE894600068D2D /* RecipeAPI.swift in Sources */ = {isa = PBXBuildFile; fileRef = F46970951CDE894600068D2D /* RecipeAPI.swift */; };
		F46970981CDE8E7C00068D2D /* RecipeClient.swift in Sources */ = {isa = PBXBuildFile; fileRef = F46970971CDE8E7C00068D2D /* RecipeClient.swift */; };
		F469709A1CDE9F9800068D2D /* RecipeTests.swift in Sources */ = {isa = PBXBuildFile; fileRef = F46970991CDE9F9800068D2D /* RecipeTests.swift */; };
		F469709C1CDFBF6200068D2D /* RecipeTableViewController.swift in Sources */ = {isa = PBXBuildFile; fileRef = F469709B1CDFBF6200068D2D /* RecipeTableViewController.swift */; };
		F469709E1CDFBFD100068D2D /* RecipeTableViewControllerDataSource.swift in Sources */ = {isa = PBXBuildFile; fileRef = F469709D1CDFBFD100068D2D /* RecipeTableViewControllerDataSource.swift */; };
		F46970A21CDFC5B000068D2D /* RecipeNavigationController.swift in Sources */ = {isa = PBXBuildFile; fileRef = F46970A11CDFC5B000068D2D /* RecipeNavigationController.swift */; };
		F46970A41CDFDE7800068D2D /* ActivityIndicatorLoadingView.swift in Sources */ = {isa = PBXBuildFile; fileRef = F46970A31CDFDE7800068D2D /* ActivityIndicatorLoadingView.swift */; };
		F46970A61CE047FF00068D2D /* RecipeTableViewCell.swift in Sources */ = {isa = PBXBuildFile; fileRef = F46970A51CE047FF00068D2D /* RecipeTableViewCell.swift */; };
		F46970AB1CE0DB4500068D2D /* GCDBlackbox.swift in Sources */ = {isa = PBXBuildFile; fileRef = F46970AA1CE0DB4500068D2D /* GCDBlackbox.swift */; };
		F46970AD1CE0EC7A00068D2D /* StringExtension.swift in Sources */ = {isa = PBXBuildFile; fileRef = F46970AC1CE0EC7A00068D2D /* StringExtension.swift */; };
		F46970B01CE11FA100068D2D /* RecipeDetailViewController.swift in Sources */ = {isa = PBXBuildFile; fileRef = F46970AF1CE11FA100068D2D /* RecipeDetailViewController.swift */; };
		F4AB039E1CE235840063C03F /* Reachability.swift in Sources */ = {isa = PBXBuildFile; fileRef = F4AB039D1CE235840063C03F /* Reachability.swift */; };
/* End PBXBuildFile section */

/* Begin PBXContainerItemProxy section */
		F469706E1CDD256A00068D2D /* PBXContainerItemProxy */ = {
			isa = PBXContainerItemProxy;
			containerPortal = F46970511CDD256A00068D2D /* Project object */;
			proxyType = 1;
			remoteGlobalIDString = F46970581CDD256A00068D2D;
			remoteInfo = RecipeFinder;
		};
		F46970791CDD256A00068D2D /* PBXContainerItemProxy */ = {
			isa = PBXContainerItemProxy;
			containerPortal = F46970511CDD256A00068D2D /* Project object */;
			proxyType = 1;
			remoteGlobalIDString = F46970581CDD256A00068D2D;
			remoteInfo = RecipeFinder;
		};
/* End PBXContainerItemProxy section */

/* Begin PBXFileReference section */
		F46970591CDD256A00068D2D /* RecipeFinder.app */ = {isa = PBXFileReference; explicitFileType = wrapper.application; includeInIndex = 0; path = RecipeFinder.app; sourceTree = BUILT_PRODUCTS_DIR; };
		F469705C1CDD256A00068D2D /* AppDelegate.swift */ = {isa = PBXFileReference; lastKnownFileType = sourcecode.swift; path = AppDelegate.swift; sourceTree = "<group>"; };
		F46970611CDD256A00068D2D /* Base */ = {isa = PBXFileReference; lastKnownFileType = file.storyboard; name = Base; path = Base.lproj/Main.storyboard; sourceTree = "<group>"; };
		F46970631CDD256A00068D2D /* Assets.xcassets */ = {isa = PBXFileReference; lastKnownFileType = folder.assetcatalog; path = Assets.xcassets; sourceTree = "<group>"; };
		F46970661CDD256A00068D2D /* Base */ = {isa = PBXFileReference; lastKnownFileType = file.storyboard; name = Base; path = Base.lproj/LaunchScreen.storyboard; sourceTree = "<group>"; };
		F46970681CDD256A00068D2D /* Info.plist */ = {isa = PBXFileReference; lastKnownFileType = text.plist.xml; path = Info.plist; sourceTree = "<group>"; };
		F469706D1CDD256A00068D2D /* RecipeFinderTests.xctest */ = {isa = PBXFileReference; explicitFileType = wrapper.cfbundle; includeInIndex = 0; path = RecipeFinderTests.xctest; sourceTree = BUILT_PRODUCTS_DIR; };
		F46970711CDD256A00068D2D /* RecipeFinderTests.swift */ = {isa = PBXFileReference; lastKnownFileType = sourcecode.swift; path = RecipeFinderTests.swift; sourceTree = "<group>"; };
		F46970731CDD256A00068D2D /* Info.plist */ = {isa = PBXFileReference; lastKnownFileType = text.plist.xml; path = Info.plist; sourceTree = "<group>"; };
		F46970781CDD256A00068D2D /* RecipeFinderUITests.xctest */ = {isa = PBXFileReference; explicitFileType = wrapper.cfbundle; includeInIndex = 0; path = RecipeFinderUITests.xctest; sourceTree = BUILT_PRODUCTS_DIR; };
		F469707C1CDD256A00068D2D /* RecipeFinderUITests.swift */ = {isa = PBXFileReference; lastKnownFileType = sourcecode.swift; path = RecipeFinderUITests.swift; sourceTree = "<group>"; };
		F469707E1CDD256A00068D2D /* Info.plist */ = {isa = PBXFileReference; lastKnownFileType = text.plist.xml; path = Info.plist; sourceTree = "<group>"; };
		F46970911CDE77A800068D2D /* Recipe.swift */ = {isa = PBXFileReference; fileEncoding = 4; lastKnownFileType = sourcecode.swift; path = Recipe.swift; sourceTree = "<group>"; };
		F46970951CDE894600068D2D /* RecipeAPI.swift */ = {isa = PBXFileReference; fileEncoding = 4; lastKnownFileType = sourcecode.swift; path = RecipeAPI.swift; sourceTree = "<group>"; };
		F46970971CDE8E7C00068D2D /* RecipeClient.swift */ = {isa = PBXFileReference; fileEncoding = 4; lastKnownFileType = sourcecode.swift; path = RecipeClient.swift; sourceTree = "<group>"; };
		F46970991CDE9F9800068D2D /* RecipeTests.swift */ = {isa = PBXFileReference; fileEncoding = 4; lastKnownFileType = sourcecode.swift; path = RecipeTests.swift; sourceTree = "<group>"; };
		F469709B1CDFBF6200068D2D /* RecipeTableViewController.swift */ = {isa = PBXFileReference; fileEncoding = 4; lastKnownFileType = sourcecode.swift; path = RecipeTableViewController.swift; sourceTree = "<group>"; };
		F469709D1CDFBFD100068D2D /* RecipeTableViewControllerDataSource.swift */ = {isa = PBXFileReference; fileEncoding = 4; lastKnownFileType = sourcecode.swift; path = RecipeTableViewControllerDataSource.swift; sourceTree = "<group>"; };
		F46970A11CDFC5B000068D2D /* RecipeNavigationController.swift */ = {isa = PBXFileReference; fileEncoding = 4; lastKnownFileType = sourcecode.swift; path = RecipeNavigationController.swift; sourceTree = "<group>"; };
		F46970A31CDFDE7800068D2D /* ActivityIndicatorLoadingView.swift */ = {isa = PBXFileReference; fileEncoding = 4; lastKnownFileType = sourcecode.swift; path = ActivityIndicatorLoadingView.swift; sourceTree = "<group>"; };
		F46970A51CE047FF00068D2D /* RecipeTableViewCell.swift */ = {isa = PBXFileReference; fileEncoding = 4; lastKnownFileType = sourcecode.swift; path = RecipeTableViewCell.swift; sourceTree = "<group>"; };
		F46970AA1CE0DB4500068D2D /* GCDBlackbox.swift */ = {isa = PBXFileReference; fileEncoding = 4; lastKnownFileType = sourcecode.swift; path = GCDBlackbox.swift; sourceTree = "<group>"; };
		F46970AC1CE0EC7A00068D2D /* StringExtension.swift */ = {isa = PBXFileReference; fileEncoding = 4; lastKnownFileType = sourcecode.swift; path = StringExtension.swift; sourceTree = "<group>"; };
		F46970AF1CE11FA100068D2D /* RecipeDetailViewController.swift */ = {isa = PBXFileReference; fileEncoding = 4; lastKnownFileType = sourcecode.swift; path = RecipeDetailViewController.swift; sourceTree = "<group>"; };
		F4AB039D1CE235840063C03F /* Reachability.swift */ = {isa = PBXFileReference; fileEncoding = 4; lastKnownFileType = sourcecode.swift; path = Reachability.swift; sourceTree = "<group>"; };
/* End PBXFileReference section */

/* Begin PBXFrameworksBuildPhase section */
		F46970561CDD256A00068D2D /* Frameworks */ = {
			isa = PBXFrameworksBuildPhase;
			buildActionMask = 2147483647;
			files = (
			);
			runOnlyForDeploymentPostprocessing = 0;
		};
		F469706A1CDD256A00068D2D /* Frameworks */ = {
			isa = PBXFrameworksBuildPhase;
			buildActionMask = 2147483647;
			files = (
			);
			runOnlyForDeploymentPostprocessing = 0;
		};
		F46970751CDD256A00068D2D /* Frameworks */ = {
			isa = PBXFrameworksBuildPhase;
			buildActionMask = 2147483647;
			files = (
			);
			runOnlyForDeploymentPostprocessing = 0;
		};
/* End PBXFrameworksBuildPhase section */

/* Begin PBXGroup section */
		F46970501CDD256A00068D2D = {
			isa = PBXGroup;
			children = (
				F469705B1CDD256A00068D2D /* RecipeFinder */,
				F46970701CDD256A00068D2D /* RecipeFinderTests */,
				F469707B1CDD256A00068D2D /* RecipeFinderUITests */,
				F469705A1CDD256A00068D2D /* Products */,
			);
			sourceTree = "<group>";
		};
		F469705A1CDD256A00068D2D /* Products */ = {
			isa = PBXGroup;
			children = (
				F46970591CDD256A00068D2D /* RecipeFinder.app */,
				F469706D1CDD256A00068D2D /* RecipeFinderTests.xctest */,
				F46970781CDD256A00068D2D /* RecipeFinderUITests.xctest */,
			);
			name = Products;
			sourceTree = "<group>";
		};
		F469705B1CDD256A00068D2D /* RecipeFinder */ = {
			isa = PBXGroup;
			children = (
				F46970A71CE0D33500068D2D /* Utilities */,
				F469708C1CDE777900068D2D /* Entities */,
				F469708B1CDD77AB00068D2D /* Layout */,
				F469708A1CDD779000068D2D /* Supporting Files */,
			);
			path = RecipeFinder;
			sourceTree = "<group>";
		};
		F46970701CDD256A00068D2D /* RecipeFinderTests */ = {
			isa = PBXGroup;
			children = (
				F46970711CDD256A00068D2D /* RecipeFinderTests.swift */,
				F46970731CDD256A00068D2D /* Info.plist */,
				F46970991CDE9F9800068D2D /* RecipeTests.swift */,
			);
			path = RecipeFinderTests;
			sourceTree = "<group>";
		};
		F469707B1CDD256A00068D2D /* RecipeFinderUITests */ = {
			isa = PBXGroup;
			children = (
				F469707C1CDD256A00068D2D /* RecipeFinderUITests.swift */,
				F469707E1CDD256A00068D2D /* Info.plist */,
			);
			path = RecipeFinderUITests;
			sourceTree = "<group>";
		};
		F469708A1CDD779000068D2D /* Supporting Files */ = {
			isa = PBXGroup;
			children = (
				F46970681CDD256A00068D2D /* Info.plist */,
				F469705C1CDD256A00068D2D /* AppDelegate.swift */,
				F46970631CDD256A00068D2D /* Assets.xcassets */,
			);
			name = "Supporting Files";
			sourceTree = "<group>";
		};
		F469708B1CDD77AB00068D2D /* Layout */ = {
			isa = PBXGroup;
			children = (
				F46970651CDD256A00068D2D /* LaunchScreen.storyboard */,
				F46970601CDD256A00068D2D /* Main.storyboard */,
			);
			name = Layout;
			sourceTree = "<group>";
		};
		F469708C1CDE777900068D2D /* Entities */ = {
			isa = PBXGroup;
			children = (
				F469708D1CDE778100068D2D /* Recipe */,
			);
			name = Entities;
			sourceTree = "<group>";
		};
		F469708D1CDE778100068D2D /* Recipe */ = {
			isa = PBXGroup;
			children = (
				F46970901CDE779500068D2D /* Controller */,
				F469708F1CDE778C00068D2D /* View */,
				F469708E1CDE778600068D2D /* Model */,
			);
			name = Recipe;
			sourceTree = "<group>";
		};
		F469708E1CDE778600068D2D /* Model */ = {
			isa = PBXGroup;
			children = (
				F46970911CDE77A800068D2D /* Recipe.swift */,
				F46970951CDE894600068D2D /* RecipeAPI.swift */,
				F46970971CDE8E7C00068D2D /* RecipeClient.swift */,
			);
			name = Model;
			sourceTree = "<group>";
		};
		F469708F1CDE778C00068D2D /* View */ = {
			isa = PBXGroup;
			children = (
				F46970A51CE047FF00068D2D /* RecipeTableViewCell.swift */,
			);
			name = View;
			sourceTree = "<group>";
		};
		F46970901CDE779500068D2D /* Controller */ = {
			isa = PBXGroup;
			children = (
				F469709B1CDFBF6200068D2D /* RecipeTableViewController.swift */,
				F469709D1CDFBFD100068D2D /* RecipeTableViewControllerDataSource.swift */,
				F46970A11CDFC5B000068D2D /* RecipeNavigationController.swift */,
				F46970AF1CE11FA100068D2D /* RecipeDetailViewController.swift */,
			);
			name = Controller;
			sourceTree = "<group>";
		};
		F46970A71CE0D33500068D2D /* Utilities */ = {
			isa = PBXGroup;
			children = (
				F46970AE1CE0EC7F00068D2D /* Extensions */,
				F46970A91CE0D34600068D2D /* Views */,
				F46970A81CE0D33D00068D2D /* Classes */,
			);
			name = Utilities;
			sourceTree = "<group>";
		};
		F46970A81CE0D33D00068D2D /* Classes */ = {
			isa = PBXGroup;
			children = (
				F4AB039D1CE235840063C03F /* Reachability.swift */,
			);
			name = Classes;
			sourceTree = "<group>";
		};
		F46970A91CE0D34600068D2D /* Views */ = {
			isa = PBXGroup;
			children = (
				F46970A31CDFDE7800068D2D /* ActivityIndicatorLoadingView.swift */,
				F46970AA1CE0DB4500068D2D /* GCDBlackbox.swift */,
			);
			name = Views;
			sourceTree = "<group>";
		};
		F46970AE1CE0EC7F00068D2D /* Extensions */ = {
			isa = PBXGroup;
			children = (
				F46970AC1CE0EC7A00068D2D /* StringExtension.swift */,
			);
			name = Extensions;
			sourceTree = "<group>";
		};
/* End PBXGroup section */

/* Begin PBXNativeTarget section */
		F46970581CDD256A00068D2D /* RecipeFinder */ = {
			isa = PBXNativeTarget;
			buildConfigurationList = F46970811CDD256A00068D2D /* Build configuration list for PBXNativeTarget "RecipeFinder" */;
			buildPhases = (
				F46970551CDD256A00068D2D /* Sources */,
				F46970561CDD256A00068D2D /* Frameworks */,
				F46970571CDD256A00068D2D /* Resources */,
			);
			buildRules = (
			);
			dependencies = (
			);
			name = RecipeFinder;
			productName = RecipeFinder;
			productReference = F46970591CDD256A00068D2D /* RecipeFinder.app */;
			productType = "com.apple.product-type.application";
		};
		F469706C1CDD256A00068D2D /* RecipeFinderTests */ = {
			isa = PBXNativeTarget;
			buildConfigurationList = F46970841CDD256A00068D2D /* Build configuration list for PBXNativeTarget "RecipeFinderTests" */;
			buildPhases = (
				F46970691CDD256A00068D2D /* Sources */,
				F469706A1CDD256A00068D2D /* Frameworks */,
				F469706B1CDD256A00068D2D /* Resources */,
			);
			buildRules = (
			);
			dependencies = (
				F469706F1CDD256A00068D2D /* PBXTargetDependency */,
			);
			name = RecipeFinderTests;
			productName = RecipeFinderTests;
			productReference = F469706D1CDD256A00068D2D /* RecipeFinderTests.xctest */;
			productType = "com.apple.product-type.bundle.unit-test";
		};
		F46970771CDD256A00068D2D /* RecipeFinderUITests */ = {
			isa = PBXNativeTarget;
			buildConfigurationList = F46970871CDD256A00068D2D /* Build configuration list for PBXNativeTarget "RecipeFinderUITests" */;
			buildPhases = (
				F46970741CDD256A00068D2D /* Sources */,
				F46970751CDD256A00068D2D /* Frameworks */,
				F46970761CDD256A00068D2D /* Resources */,
			);
			buildRules = (
			);
			dependencies = (
				F469707A1CDD256A00068D2D /* PBXTargetDependency */,
			);
			name = RecipeFinderUITests;
			productName = RecipeFinderUITests;
			productReference = F46970781CDD256A00068D2D /* RecipeFinderUITests.xctest */;
			productType = "com.apple.product-type.bundle.ui-testing";
		};
/* End PBXNativeTarget section */

/* Begin PBXProject section */
		F46970511CDD256A00068D2D /* Project object */ = {
			isa = PBXProject;
			attributes = {
				LastSwiftUpdateCheck = 0730;
				LastUpgradeCheck = 0730;
				ORGANIZATIONNAME = "Marquis Dennis";
				TargetAttributes = {
					F46970581CDD256A00068D2D = {
						CreatedOnToolsVersion = 7.3;
					};
					F469706C1CDD256A00068D2D = {
						CreatedOnToolsVersion = 7.3;
						TestTargetID = F46970581CDD256A00068D2D;
					};
					F46970771CDD256A00068D2D = {
						CreatedOnToolsVersion = 7.3;
						TestTargetID = F46970581CDD256A00068D2D;
					};
				};
			};
			buildConfigurationList = F46970541CDD256A00068D2D /* Build configuration list for PBXProject "RecipeFinder" */;
			compatibilityVersion = "Xcode 3.2";
			developmentRegion = English;
			hasScannedForEncodings = 0;
			knownRegions = (
				en,
				Base,
			);
			mainGroup = F46970501CDD256A00068D2D;
			productRefGroup = F469705A1CDD256A00068D2D /* Products */;
			projectDirPath = "";
			projectRoot = "";
			targets = (
				F46970581CDD256A00068D2D /* RecipeFinder */,
				F469706C1CDD256A00068D2D /* RecipeFinderTests */,
				F46970771CDD256A00068D2D /* RecipeFinderUITests */,
			);
		};
/* End PBXProject section */

/* Begin PBXResourcesBuildPhase section */
		F46970571CDD256A00068D2D /* Resources */ = {
			isa = PBXResourcesBuildPhase;
			buildActionMask = 2147483647;
			files = (
				F46970671CDD256A00068D2D /* LaunchScreen.storyboard in Resources */,
				F46970641CDD256A00068D2D /* Assets.xcassets in Resources */,
				F46970621CDD256A00068D2D /* Main.storyboard in Resources */,
			);
			runOnlyForDeploymentPostprocessing = 0;
		};
		F469706B1CDD256A00068D2D /* Resources */ = {
			isa = PBXResourcesBuildPhase;
			buildActionMask = 2147483647;
			files = (
			);
			runOnlyForDeploymentPostprocessing = 0;
		};
		F46970761CDD256A00068D2D /* Resources */ = {
			isa = PBXResourcesBuildPhase;
			buildActionMask = 2147483647;
			files = (
			);
			runOnlyForDeploymentPostprocessing = 0;
		};
/* End PBXResourcesBuildPhase section */

/* Begin PBXSourcesBuildPhase section */
		F46970551CDD256A00068D2D /* Sources */ = {
			isa = PBXSourcesBuildPhase;
			buildActionMask = 2147483647;
			files = (
				F469709E1CDFBFD100068D2D /* RecipeTableViewControllerDataSource.swift in Sources */,
				F46970A61CE047FF00068D2D /* RecipeTableViewCell.swift in Sources */,
				F469705D1CDD256A00068D2D /* AppDelegate.swift in Sources */,
				F46970961CDE894600068D2D /* RecipeAPI.swift in Sources */,
				F46970981CDE8E7C00068D2D /* RecipeClient.swift in Sources */,
				F46970921CDE77A800068D2D /* Recipe.swift in Sources */,
				F46970AB1CE0DB4500068D2D /* GCDBlackbox.swift in Sources */,
				F469709C1CDFBF6200068D2D /* RecipeTableViewController.swift in Sources */,
				F46970AD1CE0EC7A00068D2D /* StringExtension.swift in Sources */,
				F46970A21CDFC5B000068D2D /* RecipeNavigationController.swift in Sources */,
				F46970B01CE11FA100068D2D /* RecipeDetailViewController.swift in Sources */,
				F46970A41CDFDE7800068D2D /* ActivityIndicatorLoadingView.swift in Sources */,
				F4AB039E1CE235840063C03F /* Reachability.swift in Sources */,
			);
			runOnlyForDeploymentPostprocessing = 0;
		};
		F46970691CDD256A00068D2D /* Sources */ = {
			isa = PBXSourcesBuildPhase;
			buildActionMask = 2147483647;
			files = (
				F46970721CDD256A00068D2D /* RecipeFinderTests.swift in Sources */,
				F469709A1CDE9F9800068D2D /* RecipeTests.swift in Sources */,
			);
			runOnlyForDeploymentPostprocessing = 0;
		};
		F46970741CDD256A00068D2D /* Sources */ = {
			isa = PBXSourcesBuildPhase;
			buildActionMask = 2147483647;
			files = (
				F469707D1CDD256A00068D2D /* RecipeFinderUITests.swift in Sources */,
			);
			runOnlyForDeploymentPostprocessing = 0;
		};
/* End PBXSourcesBuildPhase section */

/* Begin PBXTargetDependency section */
		F469706F1CDD256A00068D2D /* PBXTargetDependency */ = {
			isa = PBXTargetDependency;
			target = F46970581CDD256A00068D2D /* RecipeFinder */;
			targetProxy = F469706E1CDD256A00068D2D /* PBXContainerItemProxy */;
		};
		F469707A1CDD256A00068D2D /* PBXTargetDependency */ = {
			isa = PBXTargetDependency;
			target = F46970581CDD256A00068D2D /* RecipeFinder */;
			targetProxy = F46970791CDD256A00068D2D /* PBXContainerItemProxy */;
		};
/* End PBXTargetDependency section */

/* Begin PBXVariantGroup section */
		F46970601CDD256A00068D2D /* Main.storyboard */ = {
			isa = PBXVariantGroup;
			children = (
				F46970611CDD256A00068D2D /* Base */,
			);
			name = Main.storyboard;
			sourceTree = "<group>";
		};
		F46970651CDD256A00068D2D /* LaunchScreen.storyboard */ = {
			isa = PBXVariantGroup;
			children = (
				F46970661CDD256A00068D2D /* Base */,
			);
			name = LaunchScreen.storyboard;
			sourceTree = "<group>";
		};
/* End PBXVariantGroup section */

/* Begin XCBuildConfiguration section */
		F469707F1CDD256A00068D2D /* Debug */ = {
			isa = XCBuildConfiguration;
			buildSettings = {
				ALWAYS_SEARCH_USER_PATHS = NO;
				CLANG_ANALYZER_NONNULL = YES;
				CLANG_CXX_LANGUAGE_STANDARD = "gnu++0x";
				CLANG_CXX_LIBRARY = "libc++";
				CLANG_ENABLE_MODULES = YES;
				CLANG_ENABLE_OBJC_ARC = YES;
				CLANG_WARN_BOOL_CONVERSION = YES;
				CLANG_WARN_CONSTANT_CONVERSION = YES;
				CLANG_WARN_DIRECT_OBJC_ISA_USAGE = YES_ERROR;
				CLANG_WARN_EMPTY_BODY = YES;
				CLANG_WARN_ENUM_CONVERSION = YES;
				CLANG_WARN_INT_CONVERSION = YES;
				CLANG_WARN_OBJC_ROOT_CLASS = YES_ERROR;
				CLANG_WARN_UNREACHABLE_CODE = YES;
				CLANG_WARN__DUPLICATE_METHOD_MATCH = YES;
				"CODE_SIGN_IDENTITY[sdk=iphoneos*]" = "iPhone Developer";
				COPY_PHASE_STRIP = NO;
				DEBUG_INFORMATION_FORMAT = dwarf;
				ENABLE_STRICT_OBJC_MSGSEND = YES;
				ENABLE_TESTABILITY = YES;
				GCC_C_LANGUAGE_STANDARD = gnu99;
				GCC_DYNAMIC_NO_PIC = NO;
				GCC_NO_COMMON_BLOCKS = YES;
				GCC_OPTIMIZATION_LEVEL = 0;
				GCC_PREPROCESSOR_DEFINITIONS = (
					"DEBUG=1",
					"$(inherited)",
				);
				GCC_WARN_64_TO_32_BIT_CONVERSION = YES;
				GCC_WARN_ABOUT_RETURN_TYPE = YES_ERROR;
				GCC_WARN_UNDECLARED_SELECTOR = YES;
				GCC_WARN_UNINITIALIZED_AUTOS = YES_AGGRESSIVE;
				GCC_WARN_UNUSED_FUNCTION = YES;
				GCC_WARN_UNUSED_VARIABLE = YES;
				IPHONEOS_DEPLOYMENT_TARGET = 9.3;
				MTL_ENABLE_DEBUG_INFO = YES;
				ONLY_ACTIVE_ARCH = YES;
				SDKROOT = iphoneos;
				SWIFT_OPTIMIZATION_LEVEL = "-Onone";
				TARGETED_DEVICE_FAMILY = "1,2";
			};
			name = Debug;
		};
		F46970801CDD256A00068D2D /* Release */ = {
			isa = XCBuildConfiguration;
			buildSettings = {
				ALWAYS_SEARCH_USER_PATHS = NO;
				CLANG_ANALYZER_NONNULL = YES;
				CLANG_CXX_LANGUAGE_STANDARD = "gnu++0x";
				CLANG_CXX_LIBRARY = "libc++";
				CLANG_ENABLE_MODULES = YES;
				CLANG_ENABLE_OBJC_ARC = YES;
				CLANG_WARN_BOOL_CONVERSION = YES;
				CLANG_WARN_CONSTANT_CONVERSION = YES;
				CLANG_WARN_DIRECT_OBJC_ISA_USAGE = YES_ERROR;
				CLANG_WARN_EMPTY_BODY = YES;
				CLANG_WARN_ENUM_CONVERSION = YES;
				CLANG_WARN_INT_CONVERSION = YES;
				CLANG_WARN_OBJC_ROOT_CLASS = YES_ERROR;
				CLANG_WARN_UNREACHABLE_CODE = YES;
				CLANG_WARN__DUPLICATE_METHOD_MATCH = YES;
				"CODE_SIGN_IDENTITY[sdk=iphoneos*]" = "iPhone Developer";
				COPY_PHASE_STRIP = NO;
				DEBUG_INFORMATION_FORMAT = "dwarf-with-dsym";
				ENABLE_NS_ASSERTIONS = NO;
				ENABLE_STRICT_OBJC_MSGSEND = YES;
				GCC_C_LANGUAGE_STANDARD = gnu99;
				GCC_NO_COMMON_BLOCKS = YES;
				GCC_WARN_64_TO_32_BIT_CONVERSION = YES;
				GCC_WARN_ABOUT_RETURN_TYPE = YES_ERROR;
				GCC_WARN_UNDECLARED_SELECTOR = YES;
				GCC_WARN_UNINITIALIZED_AUTOS = YES_AGGRESSIVE;
				GCC_WARN_UNUSED_FUNCTION = YES;
				GCC_WARN_UNUSED_VARIABLE = YES;
				IPHONEOS_DEPLOYMENT_TARGET = 9.3;
				MTL_ENABLE_DEBUG_INFO = NO;
				SDKROOT = iphoneos;
				TARGETED_DEVICE_FAMILY = "1,2";
				VALIDATE_PRODUCT = YES;
			};
			name = Release;
		};
		F46970821CDD256A00068D2D /* Debug */ = {
			isa = XCBuildConfiguration;
			buildSettings = {
				ASSETCATALOG_COMPILER_APPICON_NAME = AppIcon;
				INFOPLIST_FILE = RecipeFinder/Info.plist;
				LD_RUNPATH_SEARCH_PATHS = "$(inherited) @executable_path/Frameworks";
				PRODUCT_BUNDLE_IDENTIFIER = com.flashbolt.RecipeFinder;
				PRODUCT_NAME = "$(TARGET_NAME)";
			};
			name = Debug;
		};
		F46970831CDD256A00068D2D /* Release */ = {
			isa = XCBuildConfiguration;
			buildSettings = {
				ASSETCATALOG_COMPILER_APPICON_NAME = AppIcon;
				INFOPLIST_FILE = RecipeFinder/Info.plist;
				LD_RUNPATH_SEARCH_PATHS = "$(inherited) @executable_path/Frameworks";
				PRODUCT_BUNDLE_IDENTIFIER = com.flashbolt.RecipeFinder;
				PRODUCT_NAME = "$(TARGET_NAME)";
			};
			name = Release;
		};
		F46970851CDD256A00068D2D /* Debug */ = {
			isa = XCBuildConfiguration;
			buildSettings = {
				BUNDLE_LOADER = "$(TEST_HOST)";
				INFOPLIST_FILE = RecipeFinderTests/Info.plist;
				LD_RUNPATH_SEARCH_PATHS = "$(inherited) @executable_path/Frameworks @loader_path/Frameworks";
				PRODUCT_BUNDLE_IDENTIFIER = com.flashbolt.RecipeFinderTests;
				PRODUCT_NAME = "$(TARGET_NAME)";
				TEST_HOST = "$(BUILT_PRODUCTS_DIR)/RecipeFinder.app/RecipeFinder";
			};
			name = Debug;
		};
		F46970861CDD256A00068D2D /* Release */ = {
			isa = XCBuildConfiguration;
			buildSettings = {
				BUNDLE_LOADER = "$(TEST_HOST)";
				INFOPLIST_FILE = RecipeFinderTests/Info.plist;
				LD_RUNPATH_SEARCH_PATHS = "$(inherited) @executable_path/Frameworks @loader_path/Frameworks";
				PRODUCT_BUNDLE_IDENTIFIER = com.flashbolt.RecipeFinderTests;
				PRODUCT_NAME = "$(TARGET_NAME)";
				TEST_HOST = "$(BUILT_PRODUCTS_DIR)/RecipeFinder.app/RecipeFinder";
			};
			name = Release;
		};
		F46970881CDD256A00068D2D /* Debug */ = {
			isa = XCBuildConfiguration;
			buildSettings = {
				INFOPLIST_FILE = RecipeFinderUITests/Info.plist;
				LD_RUNPATH_SEARCH_PATHS = "$(inherited) @executable_path/Frameworks @loader_path/Frameworks";
				PRODUCT_BUNDLE_IDENTIFIER = com.flashbolt.RecipeFinderUITests;
				PRODUCT_NAME = "$(TARGET_NAME)";
				TEST_TARGET_NAME = RecipeFinder;
			};
			name = Debug;
		};
		F46970891CDD256A00068D2D /* Release */ = {
			isa = XCBuildConfiguration;
			buildSettings = {
				INFOPLIST_FILE = RecipeFinderUITests/Info.plist;
				LD_RUNPATH_SEARCH_PATHS = "$(inherited) @executable_path/Frameworks @loader_path/Frameworks";
				PRODUCT_BUNDLE_IDENTIFIER = com.flashbolt.RecipeFinderUITests;
				PRODUCT_NAME = "$(TARGET_NAME)";
				TEST_TARGET_NAME = RecipeFinder;
			};
			name = Release;
		};
/* End XCBuildConfiguration section */

/* Begin XCConfigurationList section */
		F46970541CDD256A00068D2D /* Build configuration list for PBXProject "RecipeFinder" */ = {
			isa = XCConfigurationList;
			buildConfigurations = (
				F469707F1CDD256A00068D2D /* Debug */,
				F46970801CDD256A00068D2D /* Release */,
			);
			defaultConfigurationIsVisible = 0;
			defaultConfigurationName = Release;
		};
		F46970811CDD256A00068D2D /* Build configuration list for PBXNativeTarget "RecipeFinder" */ = {
			isa = XCConfigurationList;
			buildConfigurations = (
				F46970821CDD256A00068D2D /* Debug */,
				F46970831CDD256A00068D2D /* Release */,
			);
			defaultConfigurationIsVisible = 0;
			defaultConfigurationName = Release;
		};
		F46970841CDD256A00068D2D /* Build configuration list for PBXNativeTarget "RecipeFinderTests" */ = {
			isa = XCConfigurationList;
			buildConfigurations = (
				F46970851CDD256A00068D2D /* Debug */,
				F46970861CDD256A00068D2D /* Release */,
			);
			defaultConfigurationIsVisible = 0;
			defaultConfigurationName = Release;
		};
		F46970871CDD256A00068D2D /* Build configuration list for PBXNativeTarget "RecipeFinderUITests" */ = {
			isa = XCConfigurationList;
			buildConfigurations = (
				F46970881CDD256A00068D2D /* Debug */,
				F46970891CDD256A00068D2D /* Release */,
			);
			defaultConfigurationIsVisible = 0;
			defaultConfigurationName = Release;
		};
/* End XCConfigurationList section */
	};
	rootObject = F46970511CDD256A00068D2D /* Project object */;
}
